// !$*UTF8*$!
{
	archiveVersion = 1;
	classes = {
	};
	objectVersion = 50;
	objects = {

/* Begin PBXBuildFile section */
		51FA6E18261D40CF00FA454F /* AppDelegate.m in Sources */ = {isa = PBXBuildFile; fileRef = 51FA6E17261D40CF00FA454F /* AppDelegate.m */; };
		51FA6E1B261D40CF00FA454F /* SceneDelegate.m in Sources */ = {isa = PBXBuildFile; fileRef = 51FA6E1A261D40CF00FA454F /* SceneDelegate.m */; };
		51FA6E1E261D40CF00FA454F /* ViewController.m in Sources */ = {isa = PBXBuildFile; fileRef = 51FA6E1D261D40CF00FA454F /* ViewController.m */; };
		51FA6E21261D40CF00FA454F /* Main.storyboard in Resources */ = {isa = PBXBuildFile; fileRef = 51FA6E1F261D40CF00FA454F /* Main.storyboard */; };
		51FA6E23261D40D000FA454F /* Assets.xcassets in Resources */ = {isa = PBXBuildFile; fileRef = 51FA6E22261D40D000FA454F /* Assets.xcassets */; };
		51FA6E26261D40D000FA454F /* LaunchScreen.storyboard in Resources */ = {isa = PBXBuildFile; fileRef = 51FA6E24261D40D000FA454F /* LaunchScreen.storyboard */; };
		51FA6E29261D40D000FA454F /* main.m in Sources */ = {isa = PBXBuildFile; fileRef = 51FA6E28261D40D000FA454F /* main.m */; };
		51FA6E33261D40D100FA454F /* TestGifEventTests.m in Sources */ = {isa = PBXBuildFile; fileRef = 51FA6E32261D40D100FA454F /* TestGifEventTests.m */; };
		51FA6E3E261D40D100FA454F /* TestGifEventUITests.m in Sources */ = {isa = PBXBuildFile; fileRef = 51FA6E3D261D40D100FA454F /* TestGifEventUITests.m */; };
/* End PBXBuildFile section */

/* Begin PBXContainerItemProxy section */
		51FA6E2F261D40D100FA454F /* PBXContainerItemProxy */ = {
			isa = PBXContainerItemProxy;
			containerPortal = 51FA6E0B261D40CF00FA454F /* Project object */;
			proxyType = 1;
			remoteGlobalIDString = 51FA6E12261D40CF00FA454F;
			remoteInfo = TestGifEvent;
		};
		51FA6E3A261D40D100FA454F /* PBXContainerItemProxy */ = {
			isa = PBXContainerItemProxy;
			containerPortal = 51FA6E0B261D40CF00FA454F /* Project object */;
			proxyType = 1;
			remoteGlobalIDString = 51FA6E12261D40CF00FA454F;
			remoteInfo = TestGifEvent;
		};
/* End PBXContainerItemProxy section */

/* Begin PBXFileReference section */
		51FA6E13261D40CF00FA454F /* TestGifEvent.app */ = {isa = PBXFileReference; explicitFileType = wrapper.application; includeInIndex = 0; path = TestGifEvent.app; sourceTree = BUILT_PRODUCTS_DIR; };
		51FA6E16261D40CF00FA454F /* AppDelegate.h */ = {isa = PBXFileReference; lastKnownFileType = sourcecode.c.h; path = AppDelegate.h; sourceTree = "<group>"; };
		51FA6E17261D40CF00FA454F /* AppDelegate.m */ = {isa = PBXFileReference; lastKnownFileType = sourcecode.c.objc; path = AppDelegate.m; sourceTree = "<group>"; };
		51FA6E19261D40CF00FA454F /* SceneDelegate.h */ = {isa = PBXFileReference; lastKnownFileType = sourcecode.c.h; path = SceneDelegate.h; sourceTree = "<group>"; };
		51FA6E1A261D40CF00FA454F /* SceneDelegate.m */ = {isa = PBXFileReference; lastKnownFileType = sourcecode.c.objc; path = SceneDelegate.m; sourceTree = "<group>"; };
		51FA6E1C261D40CF00FA454F /* ViewController.h */ = {isa = PBXFileReference; lastKnownFileType = sourcecode.c.h; path = ViewController.h; sourceTree = "<group>"; };
		51FA6E1D261D40CF00FA454F /* ViewController.m */ = {isa = PBXFileReference; lastKnownFileType = sourcecode.c.objc; path = ViewController.m; sourceTree = "<group>"; };
		51FA6E20261D40CF00FA454F /* Base */ = {isa = PBXFileReference; lastKnownFileType = file.storyboard; name = Base; path = Base.lproj/Main.storyboard; sourceTree = "<group>"; };
		51FA6E22261D40D000FA454F /* Assets.xcassets */ = {isa = PBXFileReference; lastKnownFileType = folder.assetcatalog; path = Assets.xcassets; sourceTree = "<group>"; };
		51FA6E25261D40D000FA454F /* Base */ = {isa = PBXFileReference; lastKnownFileType = file.storyboard; name = Base; path = Base.lproj/LaunchScreen.storyboard; sourceTree = "<group>"; };
		51FA6E27261D40D000FA454F /* Info.plist */ = {isa = PBXFileReference; lastKnownFileType = text.plist.xml; path = Info.plist; sourceTree = "<group>"; };
		51FA6E28261D40D000FA454F /* main.m */ = {isa = PBXFileReference; lastKnownFileType = sourcecode.c.objc; path = main.m; sourceTree = "<group>"; };
		51FA6E2E261D40D100FA454F /* TestGifEventTests.xctest */ = {isa = PBXFileReference; explicitFileType = wrapper.cfbundle; includeInIndex = 0; path = TestGifEventTests.xctest; sourceTree = BUILT_PRODUCTS_DIR; };
		51FA6E32261D40D100FA454F /* TestGifEventTests.m */ = {isa = PBXFileReference; lastKnownFileType = sourcecode.c.objc; path = TestGifEventTests.m; sourceTree = "<group>"; };
		51FA6E34261D40D100FA454F /* Info.plist */ = {isa = PBXFileReference; lastKnownFileType = text.plist.xml; path = Info.plist; sourceTree = "<group>"; };
		51FA6E39261D40D100FA454F /* TestGifEventUITests.xctest */ = {isa = PBXFileReference; explicitFileType = wrapper.cfbundle; includeInIndex = 0; path = TestGifEventUITests.xctest; sourceTree = BUILT_PRODUCTS_DIR; };
		51FA6E3D261D40D100FA454F /* TestGifEventUITests.m */ = {isa = PBXFileReference; lastKnownFileType = sourcecode.c.objc; path = TestGifEventUITests.m; sourceTree = "<group>"; };
		51FA6E3F261D40D100FA454F /* Info.plist */ = {isa = PBXFileReference; lastKnownFileType = text.plist.xml; path = Info.plist; sourceTree = "<group>"; };
/* End PBXFileReference section */

/* Begin PBXFrameworksBuildPhase section */
		51FA6E10261D40CF00FA454F /* Frameworks */ = {
			isa = PBXFrameworksBuildPhase;
			buildActionMask = 2147483647;
			files = (
			);
			runOnlyForDeploymentPostprocessing = 0;
		};
		51FA6E2B261D40D100FA454F /* Frameworks */ = {
			isa = PBXFrameworksBuildPhase;
			buildActionMask = 2147483647;
			files = (
			);
			runOnlyForDeploymentPostprocessing = 0;
		};
		51FA6E36261D40D100FA454F /* Frameworks */ = {
			isa = PBXFrameworksBuildPhase;
			buildActionMask = 2147483647;
			files = (
			);
			runOnlyForDeploymentPostprocessing = 0;
		};
/* End PBXFrameworksBuildPhase section */

/* Begin PBXGroup section */
		51FA6E0A261D40CF00FA454F = {
			isa = PBXGroup;
			children = (
				51FA6E15261D40CF00FA454F /* TestGifEvent */,
				51FA6E31261D40D100FA454F /* TestGifEventTests */,
				51FA6E3C261D40D100FA454F /* TestGifEventUITests */,
				51FA6E14261D40CF00FA454F /* Products */,
			);
			sourceTree = "<group>";
		};
		51FA6E14261D40CF00FA454F /* Products */ = {
			isa = PBXGroup;
			children = (
				51FA6E13261D40CF00FA454F /* TestGifEvent.app */,
				51FA6E2E261D40D100FA454F /* TestGifEventTests.xctest */,
				51FA6E39261D40D100FA454F /* TestGifEventUITests.xctest */,
			);
			name = Products;
			sourceTree = "<group>";
		};
		51FA6E15261D40CF00FA454F /* TestGifEvent */ = {
			isa = PBXGroup;
			children = (
				51FA6E16261D40CF00FA454F /* AppDelegate.h */,
				51FA6E17261D40CF00FA454F /* AppDelegate.m */,
				51FA6E19261D40CF00FA454F /* SceneDelegate.h */,
				51FA6E1A261D40CF00FA454F /* SceneDelegate.m */,
				51FA6E1C261D40CF00FA454F /* ViewController.h */,
				51FA6E1D261D40CF00FA454F /* ViewController.m */,
				51FA6E1F261D40CF00FA454F /* Main.storyboard */,
				51FA6E22261D40D000FA454F /* Assets.xcassets */,
				51FA6E24261D40D000FA454F /* LaunchScreen.storyboard */,
				51FA6E27261D40D000FA454F /* Info.plist */,
				51FA6E28261D40D000FA454F /* main.m */,
			);
			path = TestGifEvent;
			sourceTree = "<group>";
		};
		51FA6E31261D40D100FA454F /* TestGifEventTests */ = {
			isa = PBXGroup;
			children = (
				51FA6E32261D40D100FA454F /* TestGifEventTests.m */,
				51FA6E34261D40D100FA454F /* Info.plist */,
			);
			path = TestGifEventTests;
			sourceTree = "<group>";
		};
		51FA6E3C261D40D100FA454F /* TestGifEventUITests */ = {
			isa = PBXGroup;
			children = (
				51FA6E3D261D40D100FA454F /* TestGifEventUITests.m */,
				51FA6E3F261D40D100FA454F /* Info.plist */,
			);
			path = TestGifEventUITests;
			sourceTree = "<group>";
		};
/* End PBXGroup section */

/* Begin PBXNativeTarget section */
		51FA6E12261D40CF00FA454F /* TestGifEvent */ = {
			isa = PBXNativeTarget;
			buildConfigurationList = 51FA6E42261D40D100FA454F /* Build configuration list for PBXNativeTarget "TestGifEvent" */;
			buildPhases = (
				51FA6E0F261D40CF00FA454F /* Sources */,
				51FA6E10261D40CF00FA454F /* Frameworks */,
				51FA6E11261D40CF00FA454F /* Resources */,
			);
			buildRules = (
			);
			dependencies = (
			);
			name = TestGifEvent;
			productName = TestGifEvent;
			productReference = 51FA6E13261D40CF00FA454F /* TestGifEvent.app */;
			productType = "com.apple.product-type.application";
		};
		51FA6E2D261D40D100FA454F /* TestGifEventTests */ = {
			isa = PBXNativeTarget;
			buildConfigurationList = 51FA6E45261D40D100FA454F /* Build configuration list for PBXNativeTarget "TestGifEventTests" */;
			buildPhases = (
				51FA6E2A261D40D100FA454F /* Sources */,
				51FA6E2B261D40D100FA454F /* Frameworks */,
				51FA6E2C261D40D100FA454F /* Resources */,
			);
			buildRules = (
			);
			dependencies = (
				51FA6E30261D40D100FA454F /* PBXTargetDependency */,
			);
			name = TestGifEventTests;
			productName = TestGifEventTests;
			productReference = 51FA6E2E261D40D100FA454F /* TestGifEventTests.xctest */;
			productType = "com.apple.product-type.bundle.unit-test";
		};
		51FA6E38261D40D100FA454F /* TestGifEventUITests */ = {
			isa = PBXNativeTarget;
			buildConfigurationList = 51FA6E48261D40D100FA454F /* Build configuration list for PBXNativeTarget "TestGifEventUITests" */;
			buildPhases = (
				51FA6E35261D40D100FA454F /* Sources */,
				51FA6E36261D40D100FA454F /* Frameworks */,
				51FA6E37261D40D100FA454F /* Resources */,
			);
			buildRules = (
			);
			dependencies = (
				51FA6E3B261D40D100FA454F /* PBXTargetDependency */,
			);
			name = TestGifEventUITests;
			productName = TestGifEventUITests;
			productReference = 51FA6E39261D40D100FA454F /* TestGifEventUITests.xctest */;
			productType = "com.apple.product-type.bundle.ui-testing";
		};
/* End PBXNativeTarget section */

/* Begin PBXProject section */
		51FA6E0B261D40CF00FA454F /* Project object */ = {
			isa = PBXProject;
			attributes = {
				LastUpgradeCheck = 1240;
				TargetAttributes = {
					51FA6E12261D40CF00FA454F = {
						CreatedOnToolsVersion = 12.4;
					};
					51FA6E2D261D40D100FA454F = {
						CreatedOnToolsVersion = 12.4;
						TestTargetID = 51FA6E12261D40CF00FA454F;
					};
					51FA6E38261D40D100FA454F = {
						CreatedOnToolsVersion = 12.4;
						TestTargetID = 51FA6E12261D40CF00FA454F;
					};
				};
			};
			buildConfigurationList = 51FA6E0E261D40CF00FA454F /* Build configuration list for PBXProject "TestGifEvent" */;
			compatibilityVersion = "Xcode 9.3";
			developmentRegion = en;
			hasScannedForEncodings = 0;
			knownRegions = (
				en,
				Base,
			);
			mainGroup = 51FA6E0A261D40CF00FA454F;
			productRefGroup = 51FA6E14261D40CF00FA454F /* Products */;
			projectDirPath = "";
			projectRoot = "";
			targets = (
				51FA6E12261D40CF00FA454F /* TestGifEvent */,
				51FA6E2D261D40D100FA454F /* TestGifEventTests */,
				51FA6E38261D40D100FA454F /* TestGifEventUITests */,
			);
		};
/* End PBXProject section */

/* Begin PBXResourcesBuildPhase section */
		51FA6E11261D40CF00FA454F /* Resources */ = {
			isa = PBXResourcesBuildPhase;
			buildActionMask = 2147483647;
			files = (
				51FA6E26261D40D000FA454F /* LaunchScreen.storyboard in Resources */,
				51FA6E23261D40D000FA454F /* Assets.xcassets in Resources */,
				51FA6E21261D40CF00FA454F /* Main.storyboard in Resources */,
			);
			runOnlyForDeploymentPostprocessing = 0;
		};
		51FA6E2C261D40D100FA454F /* Resources */ = {
			isa = PBXResourcesBuildPhase;
			buildActionMask = 2147483647;
			files = (
			);
			runOnlyForDeploymentPostprocessing = 0;
		};
		51FA6E37261D40D100FA454F /* Resources */ = {
			isa = PBXResourcesBuildPhase;
			buildActionMask = 2147483647;
			files = (
			);
			runOnlyForDeploymentPostprocessing = 0;
		};
/* End PBXResourcesBuildPhase section */

/* Begin PBXSourcesBuildPhase section */
		51FA6E0F261D40CF00FA454F /* Sources */ = {
			isa = PBXSourcesBuildPhase;
			buildActionMask = 2147483647;
			files = (
				51FA6E1E261D40CF00FA454F /* ViewController.m in Sources */,
				51FA6E18261D40CF00FA454F /* AppDelegate.m in Sources */,
				51FA6E29261D40D000FA454F /* main.m in Sources */,
				51FA6E1B261D40CF00FA454F /* SceneDelegate.m in Sources */,
			);
			runOnlyForDeploymentPostprocessing = 0;
		};
		51FA6E2A261D40D100FA454F /* Sources */ = {
			isa = PBXSourcesBuildPhase;
			buildActionMask = 2147483647;
			files = (
				51FA6E33261D40D100FA454F /* TestGifEventTests.m in Sources */,
			);
			runOnlyForDeploymentPostprocessing = 0;
		};
		51FA6E35261D40D100FA454F /* Sources */ = {
			isa = PBXSourcesBuildPhase;
			buildActionMask = 2147483647;
			files = (
				51FA6E3E261D40D100FA454F /* TestGifEventUITests.m in Sources */,
			);
			runOnlyForDeploymentPostprocessing = 0;
		};
/* End PBXSourcesBuildPhase section */

/* Begin PBXTargetDependency section */
		51FA6E30261D40D100FA454F /* PBXTargetDependency */ = {
			isa = PBXTargetDependency;
			target = 51FA6E12261D40CF00FA454F /* TestGifEvent */;
			targetProxy = 51FA6E2F261D40D100FA454F /* PBXContainerItemProxy */;
		};
		51FA6E3B261D40D100FA454F /* PBXTargetDependency */ = {
			isa = PBXTargetDependency;
			target = 51FA6E12261D40CF00FA454F /* TestGifEvent */;
			targetProxy = 51FA6E3A261D40D100FA454F /* PBXContainerItemProxy */;
		};
/* End PBXTargetDependency section */

/* Begin PBXVariantGroup section */
		51FA6E1F261D40CF00FA454F /* Main.storyboard */ = {
			isa = PBXVariantGroup;
			children = (
				51FA6E20261D40CF00FA454F /* Base */,
			);
			name = Main.storyboard;
			sourceTree = "<group>";
		};
		51FA6E24261D40D000FA454F /* LaunchScreen.storyboard */ = {
			isa = PBXVariantGroup;
			children = (
				51FA6E25261D40D000FA454F /* Base */,
			);
			name = LaunchScreen.storyboard;
			sourceTree = "<group>";
		};
/* End PBXVariantGroup section */

/* Begin XCBuildConfiguration section */
		51FA6E40261D40D100FA454F /* Debug */ = {
			isa = XCBuildConfiguration;
			buildSettings = {
				ALWAYS_SEARCH_USER_PATHS = NO;
				CLANG_ANALYZER_NONNULL = YES;
				CLANG_ANALYZER_NUMBER_OBJECT_CONVERSION = YES_AGGRESSIVE;
				CLANG_CXX_LANGUAGE_STANDARD = "gnu++14";
				CLANG_CXX_LIBRARY = "libc++";
				CLANG_ENABLE_MODULES = YES;
				CLANG_ENABLE_OBJC_ARC = YES;
				CLANG_ENABLE_OBJC_WEAK = YES;
				CLANG_WARN_BLOCK_CAPTURE_AUTORELEASING = YES;
				CLANG_WARN_BOOL_CONVERSION = YES;
				CLANG_WARN_COMMA = YES;
				CLANG_WARN_CONSTANT_CONVERSION = YES;
				CLANG_WARN_DEPRECATED_OBJC_IMPLEMENTATIONS = YES;
				CLANG_WARN_DIRECT_OBJC_ISA_USAGE = YES_ERROR;
				CLANG_WARN_DOCUMENTATION_COMMENTS = YES;
				CLANG_WARN_EMPTY_BODY = YES;
				CLANG_WARN_ENUM_CONVERSION = YES;
				CLANG_WARN_INFINITE_RECURSION = YES;
				CLANG_WARN_INT_CONVERSION = YES;
				CLANG_WARN_NON_LITERAL_NULL_CONVERSION = YES;
				CLANG_WARN_OBJC_IMPLICIT_RETAIN_SELF = YES;
				CLANG_WARN_OBJC_LITERAL_CONVERSION = YES;
				CLANG_WARN_OBJC_ROOT_CLASS = YES_ERROR;
				CLANG_WARN_QUOTED_INCLUDE_IN_FRAMEWORK_HEADER = YES;
				CLANG_WARN_RANGE_LOOP_ANALYSIS = YES;
				CLANG_WARN_STRICT_PROTOTYPES = YES;
				CLANG_WARN_SUSPICIOUS_MOVE = YES;
				CLANG_WARN_UNGUARDED_AVAILABILITY = YES_AGGRESSIVE;
				CLANG_WARN_UNREACHABLE_CODE = YES;
				CLANG_WARN__DUPLICATE_METHOD_MATCH = YES;
				COPY_PHASE_STRIP = NO;
				DEBUG_INFORMATION_FORMAT = dwarf;
				ENABLE_STRICT_OBJC_MSGSEND = YES;
				ENABLE_TESTABILITY = YES;
				GCC_C_LANGUAGE_STANDARD = gnu11;
				GCC_DYNAMIC_NO_PIC = NO;
				GCC_NO_COMMON_BLOCKS = YES;
				GCC_OPTIMIZATION_LEVEL = 0;
				GCC_PREPROCESSOR_DEFINITIONS = (
					"DEBUG=1",
					"$(inherited)",
				);
				GCC_WARN_64_TO_32_BIT_CONVERSION = YES;
				GCC_WARN_ABOUT_RETURN_TYPE = YES_ERROR;
				GCC_WARN_UNDECLARED_SELECTOR = YES;
				GCC_WARN_UNINITIALIZED_AUTOS = YES_AGGRESSIVE;
				GCC_WARN_UNUSED_FUNCTION = YES;
				GCC_WARN_UNUSED_VARIABLE = YES;
				IPHONEOS_DEPLOYMENT_TARGET = 14.4;
				MTL_ENABLE_DEBUG_INFO = INCLUDE_SOURCE;
				MTL_FAST_MATH = YES;
				ONLY_ACTIVE_ARCH = YES;
				SDKROOT = iphoneos;
			};
			name = Debug;
		};
		51FA6E41261D40D100FA454F /* Release */ = {
			isa = XCBuildConfiguration;
			buildSettings = {
				ALWAYS_SEARCH_USER_PATHS = NO;
				CLANG_ANALYZER_NONNULL = YES;
				CLANG_ANALYZER_NUMBER_OBJECT_CONVERSION = YES_AGGRESSIVE;
				CLANG_CXX_LANGUAGE_STANDARD = "gnu++14";
				CLANG_CXX_LIBRARY = "libc++";
				CLANG_ENABLE_MODULES = YES;
				CLANG_ENABLE_OBJC_ARC = YES;
				CLANG_ENABLE_OBJC_WEAK = YES;
				CLANG_WARN_BLOCK_CAPTURE_AUTORELEASING = YES;
				CLANG_WARN_BOOL_CONVERSION = YES;
				CLANG_WARN_COMMA = YES;
				CLANG_WARN_CONSTANT_CONVERSION = YES;
				CLANG_WARN_DEPRECATED_OBJC_IMPLEMENTATIONS = YES;
				CLANG_WARN_DIRECT_OBJC_ISA_USAGE = YES_ERROR;
				CLANG_WARN_DOCUMENTATION_COMMENTS = YES;
				CLANG_WARN_EMPTY_BODY = YES;
				CLANG_WARN_ENUM_CONVERSION = YES;
				CLANG_WARN_INFINITE_RECURSION = YES;
				CLANG_WARN_INT_CONVERSION = YES;
				CLANG_WARN_NON_LITERAL_NULL_CONVERSION = YES;
				CLANG_WARN_OBJC_IMPLICIT_RETAIN_SELF = YES;
				CLANG_WARN_OBJC_LITERAL_CONVERSION = YES;
				CLANG_WARN_OBJC_ROOT_CLASS = YES_ERROR;
				CLANG_WARN_QUOTED_INCLUDE_IN_FRAMEWORK_HEADER = YES;
				CLANG_WARN_RANGE_LOOP_ANALYSIS = YES;
				CLANG_WARN_STRICT_PROTOTYPES = YES;
				CLANG_WARN_SUSPICIOUS_MOVE = YES;
				CLANG_WARN_UNGUARDED_AVAILABILITY = YES_AGGRESSIVE;
				CLANG_WARN_UNREACHABLE_CODE = YES;
				CLANG_WARN__DUPLICATE_METHOD_MATCH = YES;
				COPY_PHASE_STRIP = NO;
				DEBUG_INFORMATION_FORMAT = "dwarf-with-dsym";
				ENABLE_NS_ASSERTIONS = NO;
				ENABLE_STRICT_OBJC_MSGSEND = YES;
				GCC_C_LANGUAGE_STANDARD = gnu11;
				GCC_NO_COMMON_BLOCKS = YES;
				GCC_WARN_64_TO_32_BIT_CONVERSION = YES;
				GCC_WARN_ABOUT_RETURN_TYPE = YES_ERROR;
				GCC_WARN_UNDECLARED_SELECTOR = YES;
				GCC_WARN_UNINITIALIZED_AUTOS = YES_AGGRESSIVE;
				GCC_WARN_UNUSED_FUNCTION = YES;
				GCC_WARN_UNUSED_VARIABLE = YES;
				IPHONEOS_DEPLOYMENT_TARGET = 14.4;
				MTL_ENABLE_DEBUG_INFO = NO;
				MTL_FAST_MATH = YES;
				SDKROOT = iphoneos;
				VALIDATE_PRODUCT = YES;
			};
			name = Release;
		};
		51FA6E43261D40D100FA454F /* Debug */ = {
			isa = XCBuildConfiguration;
			buildSettings = {
				ASSETCATALOG_COMPILER_APPICON_NAME = AppIcon;
				ASSETCATALOG_COMPILER_GLOBAL_ACCENT_COLOR_NAME = AccentColor;
				CODE_SIGN_STYLE = Automatic;
				DEVELOPMENT_TEAM = XM9NMWX24Z;
				INFOPLIST_FILE = TestGifEvent/Info.plist;
				LD_RUNPATH_SEARCH_PATHS = (
					"$(inherited)",
					"@executable_path/Frameworks",
				);
				PRODUCT_BUNDLE_IDENTIFIER = com.onnuriinfotek.TestGifEvent;
				PRODUCT_NAME = "$(TARGET_NAME)";
				TARGETED_DEVICE_FAMILY = "1,2";
			};
			name = Debug;
		};
		51FA6E44261D40D100FA454F /* Release */ = {
			isa = XCBuildConfiguration;
			buildSettings = {
				ASSETCATALOG_COMPILER_APPICON_NAME = AppIcon;
				ASSETCATALOG_COMPILER_GLOBAL_ACCENT_COLOR_NAME = AccentColor;
				CODE_SIGN_STYLE = Automatic;
				DEVELOPMENT_TEAM = XM9NMWX24Z;
				INFOPLIST_FILE = TestGifEvent/Info.plist;
				LD_RUNPATH_SEARCH_PATHS = (
					"$(inherited)",
					"@executable_path/Frameworks",
				);
				PRODUCT_BUNDLE_IDENTIFIER = com.onnuriinfotek.TestGifEvent;
				PRODUCT_NAME = "$(TARGET_NAME)";
				TARGETED_DEVICE_FAMILY = "1,2";
			};
			name = Release;
		};
		51FA6E46261D40D100FA454F /* Debug */ = {
			isa = XCBuildConfiguration;
			buildSettings = {
				BUNDLE_LOADER = "$(TEST_HOST)";
				CODE_SIGN_STYLE = Automatic;
				DEVELOPMENT_TEAM = XM9NMWX24Z;
				INFOPLIST_FILE = TestGifEventTests/Info.plist;
				IPHONEOS_DEPLOYMENT_TARGET = 14.4;
				LD_RUNPATH_SEARCH_PATHS = (
					"$(inherited)",
					"@executable_path/Frameworks",
					"@loader_path/Frameworks",
				);
				PRODUCT_BUNDLE_IDENTIFIER = com.onnuriinfotek.TestGifEventTests;
				PRODUCT_NAME = "$(TARGET_NAME)";
				TARGETED_DEVICE_FAMILY = "1,2";
				TEST_HOST = "$(BUILT_PRODUCTS_DIR)/TestGifEvent.app/TestGifEvent";
			};
			name = Debug;
		};
		51FA6E47261D40D100FA454F /* Release */ = {
			isa = XCBuildConfiguration;
			buildSettings = {
				BUNDLE_LOADER = "$(TEST_HOST)";
				CODE_SIGN_STYLE = Automatic;
				DEVELOPMENT_TEAM = XM9NMWX24Z;
				INFOPLIST_FILE = TestGifEventTests/Info.plist;
				IPHONEOS_DEPLOYMENT_TARGET = 14.4;
				LD_RUNPATH_SEARCH_PATHS = (
					"$(inherited)",
					"@executable_path/Frameworks",
					"@loader_path/Frameworks",
				);
				PRODUCT_BUNDLE_IDENTIFIER = com.onnuriinfotek.TestGifEventTests;
				PRODUCT_NAME = "$(TARGET_NAME)";
				TARGETED_DEVICE_FAMILY = "1,2";
				TEST_HOST = "$(BUILT_PRODUCTS_DIR)/TestGifEvent.app/TestGifEvent";
			};
			name = Release;
		};
		51FA6E49261D40D100FA454F /* Debug */ = {
			isa = XCBuildConfiguration;
			buildSettings = {
				CODE_SIGN_STYLE = Automatic;
				DEVELOPMENT_TEAM = XM9NMWX24Z;
				INFOPLIST_FILE = TestGifEventUITests/Info.plist;
				LD_RUNPATH_SEARCH_PATHS = (
					"$(inherited)",
					"@executable_path/Frameworks",
					"@loader_path/Frameworks",
				);
				PRODUCT_BUNDLE_IDENTIFIER = com.onnuriinfotek.TestGifEventUITests;
				PRODUCT_NAME = "$(TARGET_NAME)";
				TARGETED_DEVICE_FAMILY = "1,2";
				TEST_TARGET_NAME = TestGifEvent;
			};
			name = Debug;
		};
		51FA6E4A261D40D100FA454F /* Release */ = {
			isa = XCBuildConfiguration;
			buildSettings = {
				CODE_SIGN_STYLE = Automatic;
				DEVELOPMENT_TEAM = XM9NMWX24Z;
				INFOPLIST_FILE = TestGifEventUITests/Info.plist;
				LD_RUNPATH_SEARCH_PATHS = (
					"$(inherited)",
					"@executable_path/Frameworks",
					"@loader_path/Frameworks",
				);
				PRODUCT_BUNDLE_IDENTIFIER = com.onnuriinfotek.TestGifEventUITests;
				PRODUCT_NAME = "$(TARGET_NAME)";
				TARGETED_DEVICE_FAMILY = "1,2";
				TEST_TARGET_NAME = TestGifEvent;
			};
			name = Release;
		};
/* End XCBuildConfiguration section */

/* Begin XCConfigurationList section */
		51FA6E0E261D40CF00FA454F /* Build configuration list for PBXProject "TestGifEvent" */ = {
			isa = XCConfigurationList;
			buildConfigurations = (
				51FA6E40261D40D100FA454F /* Debug */,
				51FA6E41261D40D100FA454F /* Release */,
			);
			defaultConfigurationIsVisible = 0;
			defaultConfigurationName = Release;
		};
		51FA6E42261D40D100FA454F /* Build configuration list for PBXNativeTarget "TestGifEvent" */ = {
			isa = XCConfigurationList;
			buildConfigurations = (
				51FA6E43261D40D100FA454F /* Debug */,
				51FA6E44261D40D100FA454F /* Release */,
			);
			defaultConfigurationIsVisible = 0;
			defaultConfigurationName = Release;
		};
		51FA6E45261D40D100FA454F /* Build configuration list for PBXNativeTarget "TestGifEventTests" */ = {
			isa = XCConfigurationList;
			buildConfigurations = (
				51FA6E46261D40D100FA454F /* Debug */,
				51FA6E47261D40D100FA454F /* Release */,
			);
			defaultConfigurationIsVisible = 0;
			defaultConfigurationName = Release;
		};
		51FA6E48261D40D100FA454F /* Build configuration list for PBXNativeTarget "TestGifEventUITests" */ = {
			isa = XCConfigurationList;
			buildConfigurations = (
				51FA6E49261D40D100FA454F /* Debug */,
				51FA6E4A261D40D100FA454F /* Release */,
			);
			defaultConfigurationIsVisible = 0;
			defaultConfigurationName = Release;
		};
/* End XCConfigurationList section */
	};
	rootObject = 51FA6E0B261D40CF00FA454F /* Project object */;
}
